
Microsoft Visual Studio Solution File, Format Version 12.00
# Visual Studio 15
VisualStudioVersion = 15.0.28307.168
MinimumVisualStudioVersion = 10.0.40219.1
Project("{F2A71F9B-5D33-465A-A702-920D77279786}") = "Task21", "Task21\Task21.fsproj", "{FAEFAAA3-3EB9-44F9-A723-80527789FCDB}"
EndProject
Project("{F2A71F9B-5D33-465A-A702-920D77279786}") = "Task21.Test", "Task21.Test\Task21.Test.fsproj", "{60FCE79F-C7E1-460F-9082-BFB1E58D5FC9}"
EndProject
Global
	GlobalSection(SolutionConfigurationPlatforms) = preSolution
		Debug|Any CPU = Debug|Any CPU
		Release|Any CPU = Release|Any CPU
	EndGlobalSection
	GlobalSection(ProjectConfigurationPlatforms) = postSolution
		{FAEFAAA3-3EB9-44F9-A723-80527789FCDB}.Debug|Any CPU.ActiveCfg = Debug|Any CPU
		{FAEFAAA3-3EB9-44F9-A723-80527789FCDB}.Debug|Any CPU.Build.0 = Debug|Any CPU
		{FAEFAAA3-3EB9-44F9-A723-80527789FCDB}.Release|Any CPU.ActiveCfg = Release|Any CPU
		{FAEFAAA3-3EB9-44F9-A723-80527789FCDB}.Release|Any CPU.Build.0 = Release|Any CPU
		{60FCE79F-C7E1-460F-9082-BFB1E58D5FC9}.Debug|Any CPU.ActiveCfg = Debug|Any CPU
		{60FCE79F-C7E1-460F-9082-BFB1E58D5FC9}.Debug|Any CPU.Build.0 = Debug|Any CPU
		{60FCE79F-C7E1-460F-9082-BFB1E58D5FC9}.Release|Any CPU.ActiveCfg = Release|Any CPU
		{60FCE79F-C7E1-460F-9082-BFB1E58D5FC9}.Release|Any CPU.Build.0 = Release|Any CPU
	EndGlobalSection
	GlobalSection(SolutionProperties) = preSolution
		HideSolutionNode = FALSE
	EndGlobalSection
	GlobalSection(ExtensibilityGlobals) = postSolution
		SolutionGuid = {E2D6E547-B2AD-4D57-BBB9-8B50D0B886C4}
	EndGlobalSection
EndGlobal
