
Microsoft Visual Studio Solution File, Format Version 12.00
# Visual Studio 15
VisualStudioVersion = 15.0.28307.168
MinimumVisualStudioVersion = 10.0.40219.1
Project("{F2A71F9B-5D33-465A-A702-920D77279786}") = "Task2.3", "Task2.3\Task2.3.fsproj", "{385A37E3-7D19-4412-9D18-587DB4C80269}"
EndProject
Project("{F2A71F9B-5D33-465A-A702-920D77279786}") = "mergeSort_tests", "mergeSort_tests\mergeSort_tests.fsproj", "{6A9687EE-1F4C-4BDF-9DFA-9A92ECBD20B2}"
EndProject
Global
	GlobalSection(SolutionConfigurationPlatforms) = preSolution
		Debug|Any CPU = Debug|Any CPU
		Release|Any CPU = Release|Any CPU
	EndGlobalSection
	GlobalSection(ProjectConfigurationPlatforms) = postSolution
		{385A37E3-7D19-4412-9D18-587DB4C80269}.Debug|Any CPU.ActiveCfg = Debug|Any CPU
		{385A37E3-7D19-4412-9D18-587DB4C80269}.Debug|Any CPU.Build.0 = Debug|Any CPU
		{385A37E3-7D19-4412-9D18-587DB4C80269}.Release|Any CPU.ActiveCfg = Release|Any CPU
		{385A37E3-7D19-4412-9D18-587DB4C80269}.Release|Any CPU.Build.0 = Release|Any CPU
		{6A9687EE-1F4C-4BDF-9DFA-9A92ECBD20B2}.Debug|Any CPU.ActiveCfg = Debug|Any CPU
		{6A9687EE-1F4C-4BDF-9DFA-9A92ECBD20B2}.Debug|Any CPU.Build.0 = Debug|Any CPU
		{6A9687EE-1F4C-4BDF-9DFA-9A92ECBD20B2}.Release|Any CPU.ActiveCfg = Release|Any CPU
		{6A9687EE-1F4C-4BDF-9DFA-9A92ECBD20B2}.Release|Any CPU.Build.0 = Release|Any CPU
	EndGlobalSection
	GlobalSection(SolutionProperties) = preSolution
		HideSolutionNode = FALSE
	EndGlobalSection
	GlobalSection(ExtensibilityGlobals) = postSolution
		SolutionGuid = {F9DB15AB-A91A-4C11-8354-2496E7BF96D1}
	EndGlobalSection
EndGlobal
