
Microsoft Visual Studio Solution File, Format Version 12.00
# Visual Studio 15
VisualStudioVersion = 15.0.28307.572
MinimumVisualStudioVersion = 10.0.40219.1
Project("{F2A71F9B-5D33-465A-A702-920D77279786}") = "task8.1", "task8.1\task8.1.fsproj", "{F4121F65-3C36-4EEE-9206-36C8A51379C3}"
EndProject
Project("{F2A71F9B-5D33-465A-A702-920D77279786}") = "task8.1_tests", "task8.1_tests\task8.1_tests.fsproj", "{2FE652CC-36F4-4279-AAD5-12A0CFE4DF83}"
EndProject
Global
	GlobalSection(SolutionConfigurationPlatforms) = preSolution
		Debug|Any CPU = Debug|Any CPU
		Release|Any CPU = Release|Any CPU
	EndGlobalSection
	GlobalSection(ProjectConfigurationPlatforms) = postSolution
		{F4121F65-3C36-4EEE-9206-36C8A51379C3}.Debug|Any CPU.ActiveCfg = Debug|Any CPU
		{F4121F65-3C36-4EEE-9206-36C8A51379C3}.Debug|Any CPU.Build.0 = Debug|Any CPU
		{F4121F65-3C36-4EEE-9206-36C8A51379C3}.Release|Any CPU.ActiveCfg = Release|Any CPU
		{F4121F65-3C36-4EEE-9206-36C8A51379C3}.Release|Any CPU.Build.0 = Release|Any CPU
		{2FE652CC-36F4-4279-AAD5-12A0CFE4DF83}.Debug|Any CPU.ActiveCfg = Debug|Any CPU
		{2FE652CC-36F4-4279-AAD5-12A0CFE4DF83}.Debug|Any CPU.Build.0 = Debug|Any CPU
		{2FE652CC-36F4-4279-AAD5-12A0CFE4DF83}.Release|Any CPU.ActiveCfg = Release|Any CPU
		{2FE652CC-36F4-4279-AAD5-12A0CFE4DF83}.Release|Any CPU.Build.0 = Release|Any CPU
	EndGlobalSection
	GlobalSection(SolutionProperties) = preSolution
		HideSolutionNode = FALSE
	EndGlobalSection
	GlobalSection(ExtensibilityGlobals) = postSolution
		SolutionGuid = {51D5F1DD-346A-4244-A4D9-705306594F1E}
	EndGlobalSection
EndGlobal
